
Microsoft Visual Studio Solution File, Format Version 12.00
# Visual Studio Version 17
VisualStudioVersion = 17.4.33213.308
MinimumVisualStudioVersion = 10.0.40219.1
Project("{F2A71F9B-5D33-465A-A702-920D77279786}") = "F_scharp_test_task", "F_scharp_test_task\F_scharp_test_task.fsproj", "{8E21D6B6-8923-496B-BE76-82A9994CEEE6}"
EndProject
Global
	GlobalSection(SolutionConfigurationPlatforms) = preSolution
		Debug|Any CPU = Debug|Any CPU
		Release|Any CPU = Release|Any CPU
	EndGlobalSection
	GlobalSection(ProjectConfigurationPlatforms) = postSolution
		{8E21D6B6-8923-496B-BE76-82A9994CEEE6}.Debug|Any CPU.ActiveCfg = Debug|Any CPU
		{8E21D6B6-8923-496B-BE76-82A9994CEEE6}.Debug|Any CPU.Build.0 = Debug|Any CPU
		{8E21D6B6-8923-496B-BE76-82A9994CEEE6}.Release|Any CPU.ActiveCfg = Release|Any CPU
		{8E21D6B6-8923-496B-BE76-82A9994CEEE6}.Release|Any CPU.Build.0 = Release|Any CPU
	EndGlobalSection
	GlobalSection(SolutionProperties) = preSolution
		HideSolutionNode = FALSE
	EndGlobalSection
	GlobalSection(ExtensibilityGlobals) = postSolution
		SolutionGuid = {1865714D-D0BC-4DD9-BA10-B87E41287731}
	EndGlobalSection
EndGlobal
